
Microsoft Visual Studio Solution File, Format Version 12.00
# Visual Studio Version 17
VisualStudioVersion = 17.5.33516.290
MinimumVisualStudioVersion = 10.0.40219.1
Project("{FAE04EC0-301F-11D3-BF4B-00C04F79EFBC}") = "CSVLinqDemo", "CSVLinqDemo\CSVLinqDemo.csproj", "{9DDD796C-3444-4244-857D-3FE8948D5C6A}"
EndProject
Global
	GlobalSection(SolutionConfigurationPlatforms) = preSolution
		Debug|Any CPU = Debug|Any CPU
		Release|Any CPU = Release|Any CPU
	EndGlobalSection
	GlobalSection(ProjectConfigurationPlatforms) = postSolution
		{9DDD796C-3444-4244-857D-3FE8948D5C6A}.Debug|Any CPU.ActiveCfg = Debug|Any CPU
		{9DDD796C-3444-4244-857D-3FE8948D5C6A}.Debug|Any CPU.Build.0 = Debug|Any CPU
		{9DDD796C-3444-4244-857D-3FE8948D5C6A}.Release|Any CPU.ActiveCfg = Release|Any CPU
		{9DDD796C-3444-4244-857D-3FE8948D5C6A}.Release|Any CPU.Build.0 = Release|Any CPU
	EndGlobalSection
	GlobalSection(SolutionProperties) = preSolution
		HideSolutionNode = FALSE
	EndGlobalSection
	GlobalSection(ExtensibilityGlobals) = postSolution
		SolutionGuid = {E74F39AA-A49E-4C05-A73F-C3008EFE0865}
	EndGlobalSection
EndGlobal
